
Microsoft Visual Studio Solution File, Format Version 12.00
# Visual Studio Version 17
VisualStudioVersion = 17.0.32126.317
MinimumVisualStudioVersion = 10.0.40219.1
Project("{FAE04EC0-301F-11D3-BF4B-00C04F79EFBC}") = "membros estaticos", "membros estaticos\membros estaticos.csproj", "{4A82CF05-8F70-491B-8A59-8CB65BF11B9B}"
EndProject
Global
	GlobalSection(SolutionConfigurationPlatforms) = preSolution
		Debug|Any CPU = Debug|Any CPU
		Release|Any CPU = Release|Any CPU
	EndGlobalSection
	GlobalSection(ProjectConfigurationPlatforms) = postSolution
		{4A82CF05-8F70-491B-8A59-8CB65BF11B9B}.Debug|Any CPU.ActiveCfg = Debug|Any CPU
		{4A82CF05-8F70-491B-8A59-8CB65BF11B9B}.Debug|Any CPU.Build.0 = Debug|Any CPU
		{4A82CF05-8F70-491B-8A59-8CB65BF11B9B}.Release|Any CPU.ActiveCfg = Release|Any CPU
		{4A82CF05-8F70-491B-8A59-8CB65BF11B9B}.Release|Any CPU.Build.0 = Release|Any CPU
	EndGlobalSection
	GlobalSection(SolutionProperties) = preSolution
		HideSolutionNode = FALSE
	EndGlobalSection
	GlobalSection(ExtensibilityGlobals) = postSolution
		SolutionGuid = {1E896509-AE36-4F5F-AE8C-67C817857AFA}
	EndGlobalSection
EndGlobal
